<?xml version="1.0" encoding="utf-8"?>
<Project ToolsVersion="4.0" xmlns="http://schemas.microsoft.com/developer/msbuild/2003">
  <ItemGroup>
    <Filter Include="Source Files">
      <UniqueIdentifier>{4FC737F1-C7A5-4376-A066-2A32D752A2FF}</UniqueIdentifier>
      <Extensions>cpp;c;cc;cxx;def;odl;idl;hpj;bat;asm;asmx</Extensions>
    </Filter>
    <Filter Include="Header Files">
      <UniqueIdentifier>{93995380-89BD-4b04-88EB-625FBE52EBFB}</UniqueIdentifier>
      <Extensions>h;hh;hpp;hxx;hm;inl;inc;ipp;xsd</Extensions>
    </Filter>
    <Filter Include="Header Files\FastNoise">
      <UniqueIdentifier>{97e51884-16c8-4a86-9928-41101c4ecf7a}</UniqueIdentifier>
    </Filter>
    <Filter Include="Header Files\WorldElements">
      <UniqueIdentifier>{d3290081-3c98-482a-adf5-1653ce5ede08}</UniqueIdentifier>
    </Filter>
    <Filter Include="Header Files\HelperElements">
      <UniqueIdentifier>{44162ca3-5338-4361-ac8e-13d43e156972}</UniqueIdentifier>
    </Filter>
    <Filter Include="Header Files\Enums">
      <UniqueIdentifier>{8abb71f9-c372-445c-b91c-35fcfe78d90a}</UniqueIdentifier>
    </Filter>
    <Filter Include="Header Files\Agui">
      <UniqueIdentifier>{3269f0ed-2202-45d1-93b3-b9c17404cec5}</UniqueIdentifier>
    </Filter>
    <Filter Include="Header Files\Agui\SFML_Backend">
      <UniqueIdentifier>{4d5a6fb6-5ba3-438e-9dcd-64f2204c87cc}</UniqueIdentifier>
    </Filter>
  </ItemGroup>
  <ItemGroup>
    <ClCompile Include="main.cpp">
      <Filter>Source Files</Filter>
    </ClCompile>
    <ClCompile Include="FastNoiseSIMD\FastNoiseSIMD.cpp">
      <Filter>Header Files\FastNoise</Filter>
    </ClCompile>
    <ClCompile Include="FastNoiseSIMD\FastNoiseSIMD_avx2.cpp">
      <Filter>Header Files\FastNoise</Filter>
    </ClCompile>
    <ClCompile Include="FastNoiseSIMD\FastNoiseSIMD_avx512.cpp">
      <Filter>Header Files\FastNoise</Filter>
    </ClCompile>
    <ClCompile Include="FastNoiseSIMD\FastNoiseSIMD_internal.cpp">
      <Filter>Header Files\FastNoise</Filter>
    </ClCompile>
    <ClCompile Include="FastNoiseSIMD\FastNoiseSIMD_neon.cpp">
      <Filter>Header Files\FastNoise</Filter>
    </ClCompile>
    <ClCompile Include="FastNoiseSIMD\FastNoiseSIMD_sse2.cpp">
      <Filter>Header Files\FastNoise</Filter>
    </ClCompile>
    <ClCompile Include="FastNoiseSIMD\FastNoiseSIMD_sse41.cpp">
      <Filter>Header Files\FastNoise</Filter>
    </ClCompile>
    <ClCompile Include="FileLength.cpp">
      <Filter>Header Files\HelperElements</Filter>
    </ClCompile>
    <ClCompile Include="GetFileNamesInFolder.cpp">
      <Filter>Header Files\HelperElements</Filter>
    </ClCompile>
    <ClCompile Include="MyMod.cpp">
      <Filter>Header Files\HelperElements</Filter>
    </ClCompile>
    <ClCompile Include="Pos.cpp">
      <Filter>Header Files\HelperElements</Filter>
    </ClCompile>
    <ClCompile Include="CraftingClass.cpp">
      <Filter>Header Files\WorldElements</Filter>
    </ClCompile>
    <ClCompile Include="CraftingProcess.cpp">
      <Filter>Header Files\WorldElements</Filter>
    </ClCompile>
    <ClCompile Include="LogicTile.cpp">
      <Filter>Header Files\WorldElements</Filter>
    </ClCompile>
    <ClCompile Include="LogicTileDrawing.cpp">
      <Filter>Header Files\WorldElements</Filter>
    </ClCompile>
    <ClCompile Include="ProgramData.cpp">
      <Filter>Header Files\WorldElements</Filter>
    </ClCompile>
    <ClCompile Include="PrototypeLoader.cpp">
      <Filter>Header Files\WorldElements</Filter>
    </ClCompile>
    <ClCompile Include="Robot.cpp">
      <Filter>Header Files\WorldElements</Filter>
    </ClCompile>
    <ClCompile Include="TestWorld.cpp">
      <Filter>Header Files\WorldElements</Filter>
    </ClCompile>
    <ClCompile Include="WidgetCreator.cpp">
      <Filter>Header Files\WorldElements</Filter>
    </ClCompile>
    <ClCompile Include="WorldSave.cpp">
      <Filter>Header Files\WorldElements</Filter>
    </ClCompile>
    <ClCompile Include="WorldSerialization.cpp">
      <Filter>Header Files\WorldElements</Filter>
    </ClCompile>
    <ClCompile Include="Agui\src\Agui\ActionEvent.cpp">
      <Filter>Header Files\Agui</Filter>
    </ClCompile>
    <ClCompile Include="Agui\src\Agui\ActionListener.cpp">
      <Filter>Header Files\Agui</Filter>
    </ClCompile>
    <ClCompile Include="Agui\src\Agui\BaseTypes.cpp">
      <Filter>Header Files\Agui</Filter>
    </ClCompile>
    <ClCompile Include="Agui\src\Agui\BlinkingEvent.cpp">
      <Filter>Header Files\Agui</Filter>
    </ClCompile>
    <ClCompile Include="Agui\src\Agui\BorderLayout.cpp">
      <Filter>Header Files\Agui</Filter>
    </ClCompile>
    <ClCompile Include="Agui\src\Agui\Color.cpp">
      <Filter>Header Files\Agui</Filter>
    </ClCompile>
    <ClCompile Include="Agui\src\Agui\CursorProvider.cpp">
      <Filter>Header Files\Agui</Filter>
    </ClCompile>
    <ClCompile Include="Agui\src\Agui\Dimension.cpp">
      <Filter>Header Files\Agui</Filter>
    </ClCompile>
    <ClCompile Include="Agui\src\Agui\EmptyWidget.cpp">
      <Filter>Header Files\Agui</Filter>
    </ClCompile>
    <ClCompile Include="Agui\src\Agui\EventArgs.cpp">
      <Filter>Header Files\Agui</Filter>
    </ClCompile>
    <ClCompile Include="Agui\src\Agui\FlowLayout.cpp">
      <Filter>Header Files\Agui</Filter>
    </ClCompile>
    <ClCompile Include="Agui\src\Agui\FocusListener.cpp">
      <Filter>Header Files\Agui</Filter>
    </ClCompile>
    <ClCompile Include="Agui\src\Agui\FocusManager.cpp">
      <Filter>Header Files\Agui</Filter>
    </ClCompile>
    <ClCompile Include="Agui\src\Agui\Font.cpp">
      <Filter>Header Files\Agui</Filter>
    </ClCompile>
    <ClCompile Include="Agui\src\Agui\Graphics.cpp">
      <Filter>Header Files\Agui</Filter>
    </ClCompile>
    <ClCompile Include="Agui\src\Agui\GridLayout.cpp">
      <Filter>Header Files\Agui</Filter>
    </ClCompile>
    <ClCompile Include="Agui\src\Agui\Gui.cpp">
      <Filter>Header Files\Agui</Filter>
    </ClCompile>
    <ClCompile Include="Agui\src\Agui\Image.cpp">
      <Filter>Header Files\Agui</Filter>
    </ClCompile>
    <ClCompile Include="Agui\src\Agui\Input.cpp">
      <Filter>Header Files\Agui</Filter>
    </ClCompile>
    <ClCompile Include="Agui\src\Agui\KeyboardListener.cpp">
      <Filter>Header Files\Agui</Filter>
    </ClCompile>
    <ClCompile Include="Agui\src\Agui\Layout.cpp">
      <Filter>Header Files\Agui</Filter>
    </ClCompile>
    <ClCompile Include="Agui\src\Agui\MouseListener.cpp">
      <Filter>Header Files\Agui</Filter>
    </ClCompile>
    <ClCompile Include="Agui\src\Agui\Point.cpp">
      <Filter>Header Files\Agui</Filter>
    </ClCompile>
    <ClCompile Include="Agui\src\Agui\Rectangle.cpp">
      <Filter>Header Files\Agui</Filter>
    </ClCompile>
    <ClCompile Include="Agui\src\Agui\ResizableBorderLayout.cpp">
      <Filter>Header Files\Agui</Filter>
    </ClCompile>
    <ClCompile Include="Agui\src\Agui\ResizableText.cpp">
      <Filter>Header Files\Agui</Filter>
    </ClCompile>
    <ClCompile Include="Agui\src\Agui\SelectionListener.cpp">
      <Filter>Header Files\Agui</Filter>
    </ClCompile>
    <ClCompile Include="Agui\src\Agui\TableLayout.cpp">
      <Filter>Header Files\Agui</Filter>
    </ClCompile>
    <ClCompile Include="Agui\src\Agui\TapListener.cpp">
      <Filter>Header Files\Agui</Filter>
    </ClCompile>
    <ClCompile Include="Agui\src\Agui\TopContainer.cpp">
      <Filter>Header Files\Agui</Filter>
    </ClCompile>
    <ClCompile Include="Agui\src\Agui\Transform.cpp">
      <Filter>Header Files\Agui</Filter>
    </ClCompile>
    <ClCompile Include="Agui\src\Agui\Widget.cpp">
      <Filter>Header Files\Agui</Filter>
    </ClCompile>
    <ClCompile Include="Agui\src\Agui\WidgetListener.cpp">
      <Filter>Header Files\Agui</Filter>
    </ClCompile>
    <ClCompile Include="Agui\src\Agui\Backends\SFML2\SFML2Font.cpp">
      <Filter>Header Files\Agui\SFML_Backend</Filter>
    </ClCompile>
    <ClCompile Include="Agui\src\Agui\Backends\SFML2\SFML2FontLoader.cpp">
      <Filter>Header Files\Agui\SFML_Backend</Filter>
    </ClCompile>
    <ClCompile Include="Agui\src\Agui\Backends\SFML2\SFML2Graphics.cpp">
      <Filter>Header Files\Agui\SFML_Backend</Filter>
    </ClCompile>
    <ClCompile Include="Agui\src\Agui\Backends\SFML2\SFML2Image.cpp">
      <Filter>Header Files\Agui\SFML_Backend</Filter>
    </ClCompile>
    <ClCompile Include="Agui\src\Agui\Backends\SFML2\SFML2ImageLoader.cpp">
      <Filter>Header Files\Agui\SFML_Backend</Filter>
    </ClCompile>
    <ClCompile Include="Agui\src\Agui\Backends\SFML2\SFML2Input.cpp">
      <Filter>Header Files\Agui\SFML_Backend</Filter>
    </ClCompile>
    <ClCompile Include="Agui\src\Agui\Widgets\Button\Button.cpp">
      <Filter>Header Files\Agui</Filter>
    </ClCompile>
    <ClCompile Include="Agui\src\Agui\Widgets\Button\ButtonGroup.cpp">
      <Filter>Header Files\Agui</Filter>
    </ClCompile>
    <ClCompile Include="Agui\src\Agui\Widgets\Button\ButtonListener.cpp">
      <Filter>Header Files\Agui</Filter>
    </ClCompile>
    <ClCompile Include="Agui\src\Agui\Widgets\CheckBox\CheckBox.cpp">
      <Filter>Header Files\Agui</Filter>
    </ClCompile>
    <ClCompile Include="Agui\src\Agui\Widgets\CheckBox\CheckBoxListener.cpp">
      <Filter>Header Files\Agui</Filter>
    </ClCompile>
    <ClCompile Include="Agui\src\Agui\Widgets\DropDown\DropDown.cpp">
      <Filter>Header Files\Agui</Filter>
    </ClCompile>
    <ClCompile Include="Agui\src\Agui\Widgets\DropDown\DropDownListener.cpp">
      <Filter>Header Files\Agui</Filter>
    </ClCompile>
    <ClCompile Include="Agui\src\Agui\Widgets\Frame\Frame.cpp">
      <Filter>Header Files\Agui</Filter>
    </ClCompile>
    <ClCompile Include="Agui\src\Agui\Widgets\Frame\FrameListener.cpp">
      <Filter>Header Files\Agui</Filter>
    </ClCompile>
    <ClCompile Include="Agui\src\Agui\Widgets\ImageWidget\ImageWidget.cpp">
      <Filter>Header Files\Agui</Filter>
    </ClCompile>
    <ClCompile Include="Agui\src\Agui\Widgets\Label\Label.cpp">
      <Filter>Header Files\Agui</Filter>
    </ClCompile>
    <ClCompile Include="Agui\src\Agui\Widgets\Label\LabelListener.cpp">
      <Filter>Header Files\Agui</Filter>
    </ClCompile>
    <ClCompile Include="Agui\src\Agui\Widgets\ListBox\ListBox.cpp">
      <Filter>Header Files\Agui</Filter>
    </ClCompile>
    <ClCompile Include="Agui\src\Agui\Widgets\ListBox\ListBoxListener.cpp">
      <Filter>Header Files\Agui</Filter>
    </ClCompile>
    <ClCompile Include="Agui\src\Agui\Widgets\PopUp\PopUpMenu.cpp">
      <Filter>Header Files\Agui</Filter>
    </ClCompile>
    <ClCompile Include="Agui\src\Agui\Widgets\PopUp\PopUpMenuItem.cpp">
      <Filter>Header Files\Agui</Filter>
    </ClCompile>
    <ClCompile Include="Agui\src\Agui\Widgets\RadioButton\RadioButton.cpp">
      <Filter>Header Files\Agui</Filter>
    </ClCompile>
    <ClCompile Include="Agui\src\Agui\Widgets\RadioButton\RadioButtonGroup.cpp">
      <Filter>Header Files\Agui</Filter>
    </ClCompile>
    <ClCompile Include="Agui\src\Agui\Widgets\RadioButton\RadioButtonListener.cpp">
      <Filter>Header Files\Agui</Filter>
    </ClCompile>
    <ClCompile Include="Agui\src\Agui\Widgets\ScrollBar\HScrollBar.cpp">
      <Filter>Header Files\Agui</Filter>
    </ClCompile>
    <ClCompile Include="Agui\src\Agui\Widgets\ScrollBar\HScrollBarListener.cpp">
      <Filter>Header Files\Agui</Filter>
    </ClCompile>
    <ClCompile Include="Agui\src\Agui\Widgets\ScrollBar\VScrollBar.cpp">
      <Filter>Header Files\Agui</Filter>
    </ClCompile>
    <ClCompile Include="Agui\src\Agui\Widgets\ScrollBar\VScrollBarListener.cpp">
      <Filter>Header Files\Agui</Filter>
    </ClCompile>
    <ClCompile Include="Agui\src\Agui\Widgets\ScrollPane\ScrollPane.cpp">
      <Filter>Header Files\Agui</Filter>
    </ClCompile>
    <ClCompile Include="Agui\src\Agui\Widgets\Slider\Slider.cpp">
      <Filter>Header Files\Agui</Filter>
    </ClCompile>
    <ClCompile Include="Agui\src\Agui\Widgets\Slider\SliderListener.cpp">
      <Filter>Header Files\Agui</Filter>
    </ClCompile>
    <ClCompile Include="Agui\src\Agui\Widgets\Tab\Tab.cpp">
      <Filter>Header Files\Agui</Filter>
    </ClCompile>
    <ClCompile Include="Agui\src\Agui\Widgets\Tab\TabbedPane.cpp">
      <Filter>Header Files\Agui</Filter>
    </ClCompile>
    <ClCompile Include="Agui\src\Agui\Widgets\Tab\TabbedPaneListener.cpp">
      <Filter>Header Files\Agui</Filter>
    </ClCompile>
    <ClCompile Include="Agui\src\Agui\Widgets\TextBox\ExtendedTextBox.cpp">
      <Filter>Header Files\Agui</Filter>
    </ClCompile>
    <ClCompile Include="Agui\src\Agui\Widgets\TextBox\TextBox.cpp">
      <Filter>Header Files\Agui</Filter>
    </ClCompile>
    <ClCompile Include="Agui\src\Agui\Widgets\TextBox\TextBoxListener.cpp">
      <Filter>Header Files\Agui</Filter>
    </ClCompile>
    <ClCompile Include="Agui\src\Agui\Widgets\TextField\TextField.cpp">
      <Filter>Header Files\Agui</Filter>
    </ClCompile>
    <ClCompile Include="Agui\src\Agui\Widgets\TextField\TextFieldListener.cpp">
      <Filter>Header Files\Agui</Filter>
    </ClCompile>
    <ClCompile Include="Agui\src\Agui\Widgets\ToolTip\ToolTip.cpp">
      <Filter>Header Files\Agui</Filter>
    </ClCompile>
    <ClCompile Include="Agui\src\Agui\Clipboard\Clipboard.cpp">
      <Filter>Header Files\Agui</Filter>
    </ClCompile>
    <ClCompile Include="Agui\src\Agui\Clipboard\WinClipboard.cpp">
      <Filter>Header Files\Agui</Filter>
    </ClCompile>
    <ClCompile Include="ItemTile.cpp">
      <Filter>Header Files\WorldElements</Filter>
    </ClCompile>
    <ClCompile Include="ParentTile.cpp">
      <Filter>Header Files\WorldElements</Filter>
    </ClCompile>
    <ClCompile Include="ItemTileWPOS.cpp">
      <Filter>Header Files\WorldElements</Filter>
    </ClCompile>
  </ItemGroup>
  <ItemGroup>
    <ClInclude Include="FastNoiseSIMD\FastNoiseSIMD.h">
      <Filter>Header Files\FastNoise</Filter>
    </ClInclude>
    <ClInclude Include="FastNoiseSIMD\FastNoiseSIMD_internal.h">
      <Filter>Header Files\FastNoise</Filter>
    </ClInclude>
    <ClInclude Include="FindInVector.h">
      <Filter>Header Files\HelperElements</Filter>
    </ClInclude>
    <ClInclude Include="GetFileNamesInFolder.h">
      <Filter>Header Files\HelperElements</Filter>
    </ClInclude>
    <ClInclude Include="KeyNames.h">
      <Filter>Header Files\HelperElements</Filter>
    </ClInclude>
    <ClInclude Include="AnimationType.h">
      <Filter>Header Files\Enums</Filter>
    </ClInclude>
    <ClInclude Include="Facing.h">
      <Filter>Header Files\Enums</Filter>
    </ClInclude>
    <ClInclude Include="Constants.h">
      <Filter>Header Files\Enums</Filter>
    </ClInclude>
    <ClInclude Include="CraftingClass.h">
      <Filter>Header Files\WorldElements</Filter>
    </ClInclude>
    <ClInclude Include="CraftingProcess.h">
      <Filter>Header Files\WorldElements</Filter>
    </ClInclude>
    <ClInclude Include="CraftingSuccess.h">
      <Filter>Header Files\WorldElements</Filter>
    </ClInclude>
    <ClInclude Include="ItemTile.h">
      <Filter>Header Files\WorldElements</Filter>
    </ClInclude>
    <ClInclude Include="LogicTile.h">
      <Filter>Header Files\WorldElements</Filter>
    </ClInclude>
    <ClInclude Include="LogicTypes.h">
      <Filter>Header Files\Enums</Filter>
    </ClInclude>
    <ClInclude Include="MyMap.h">
      <Filter>Header Files\HelperElements</Filter>
    </ClInclude>
    <ClInclude Include="MyMod.h">
      <Filter>Header Files\HelperElements</Filter>
    </ClInclude>
    <ClInclude Include="MySet.h">
      <Filter>Header Files\HelperElements</Filter>
    </ClInclude>
    <ClInclude Include="Pos.h">
      <Filter>Header Files\HelperElements</Filter>
    </ClInclude>
    <ClInclude Include="ProgramData.h">
      <Filter>Header Files\WorldElements</Filter>
    </ClInclude>
    <ClInclude Include="PrototypeLoader.h">
      <Filter>Header Files\WorldElements</Filter>
    </ClInclude>
    <ClInclude Include="RecipePrototype.h">
      <Filter>Header Files\WorldElements</Filter>
    </ClInclude>
    <ClInclude Include="RedirectorColors.h">
      <Filter>Header Files\Enums</Filter>
    </ClInclude>
    <ClInclude Include="ReservedItems.h">
      <Filter>Header Files\Enums</Filter>
    </ClInclude>
    <ClInclude Include="Robot.h">
      <Filter>Header Files\WorldElements</Filter>
    </ClInclude>
    <ClInclude Include="TestWorld.h">
      <Filter>Header Files\WorldElements</Filter>
    </ClInclude>
    <ClInclude Include="Textures.h">
      <Filter>Header Files\WorldElements</Filter>
    </ClInclude>
    <ClInclude Include="Tile.h">
      <Filter>Header Files\WorldElements</Filter>
    </ClInclude>
    <ClInclude Include="WidgetCreator.h">
      <Filter>Header Files\WorldElements</Filter>
    </ClInclude>
    <ClInclude Include="WorldSave.h">
      <Filter>Header Files\WorldElements</Filter>
    </ClInclude>
    <ClInclude Include="WorldChunk.h">
      <Filter>Header Files\WorldElements</Filter>
    </ClInclude>
    <ClInclude Include="Animation.h">
      <Filter>Header Files\WorldElements</Filter>
    </ClInclude>
    <ClInclude Include="SpriteVector.h">
      <Filter>Header Files\HelperElements</Filter>
    </ClInclude>
    <ClInclude Include="Align.h">
      <Filter>Header Files\Enums</Filter>
    </ClInclude>
    <ClInclude Include="ParentTile.h">
      <Filter>Header Files\WorldElements</Filter>
    </ClInclude>
    <ClInclude Include="MyVector.h">
      <Filter>Header Files\HelperElements</Filter>
    </ClInclude>
    <ClInclude Include="GetFileLength.h">
      <Filter>Header Files\HelperElements</Filter>
    </ClInclude>
    <ClInclude Include="ElementTypes.h">
      <Filter>Header Files\Enums</Filter>
    </ClInclude>
    <ClInclude Include="Oregen.h">
      <Filter>Header Files\Enums</Filter>
    </ClInclude>
    <ClInclude Include="ItemTileWPOS.h">
      <Filter>Header Files\WorldElements</Filter>
    </ClInclude>
    <ClInclude Include="SplitString.h">
      <Filter>Header Files\HelperElements</Filter>
    </ClInclude>
  </ItemGroup>
  <ItemGroup>
    <None Include="Agui\src\Agui\Clipboard\OSXClipboard.mm">
      <Filter>Header Files\Agui</Filter>
    </None>
  </ItemGroup>
</Project>