<?xml version="1.0" encoding="utf-8"?>
<Project ToolsVersion="4.0" xmlns="http://schemas.microsoft.com/developer/msbuild/2003">
  <ItemGroup>
    <Filter Include="Source Files">
      <UniqueIdentifier>{4FC737F1-C7A5-4376-A066-2A32D752A2FF}</UniqueIdentifier>
      <Extensions>cpp;c;cc;cxx;def;odl;idl;hpj;bat;asm;asmx</Extensions>
    </Filter>
    <Filter Include="Header Files">
      <UniqueIdentifier>{93995380-89BD-4b04-88EB-625FBE52EBFB}</UniqueIdentifier>
      <Extensions>h;hh;hpp;hxx;hm;inl;inc;ipp;xsd</Extensions>
    </Filter>
    <Filter Include="Resource Files">
      <UniqueIdentifier>{67DA6AB6-F800-4c08-8B7A-83BB121AAD01}</UniqueIdentifier>
      <Extensions>rc;ico;cur;bmp;dlg;rc2;rct;bin;rgs;gif;jpg;jpeg;jpe;resx;tiff;tif;png;wav;mfcribbon-ms</Extensions>
    </Filter>
  </ItemGroup>
  <ItemGroup>
    <ClCompile Include="main.cpp">
      <Filter>Source Files</Filter>
    </ClCompile>
    <ClCompile Include="CraftingClass.cpp">
      <Filter>Resource Files</Filter>
    </ClCompile>
    <ClCompile Include="GameInput.cpp">
      <Filter>Resource Files</Filter>
    </ClCompile>
    <ClCompile Include="LogicTile.cpp">
      <Filter>Resource Files</Filter>
    </ClCompile>
    <ClCompile Include="LogicTileDrawing.cpp">
      <Filter>Resource Files</Filter>
    </ClCompile>
    <ClCompile Include="MyMap.cpp">
      <Filter>Resource Files</Filter>
    </ClCompile>
    <ClCompile Include="MyMod.cpp">
      <Filter>Resource Files</Filter>
    </ClCompile>
    <ClCompile Include="ProgramData.cpp">
      <Filter>Resource Files</Filter>
    </ClCompile>
    <ClCompile Include="PrototypeLoader.cpp">
      <Filter>Resource Files</Filter>
    </ClCompile>
    <ClCompile Include="Robot.cpp">
      <Filter>Resource Files</Filter>
    </ClCompile>
    <ClCompile Include="TestWorld.cpp">
      <Filter>Resource Files</Filter>
    </ClCompile>
    <ClCompile Include="WorldSave.cpp">
      <Filter>Resource Files</Filter>
    </ClCompile>
    <ClCompile Include="Pos.cpp">
      <Filter>Resource Files</Filter>
    </ClCompile>
    <ClCompile Include="WorldSerialization.cpp">
      <Filter>Resource Files</Filter>
    </ClCompile>
    <ClCompile Include="FileLength.cpp">
      <Filter>Header Files</Filter>
    </ClCompile>
    <ClCompile Include="WidgetCreator.cpp">
      <Filter>Resource Files</Filter>
    </ClCompile>
  </ItemGroup>
  <ItemGroup>
    <ClInclude Include="Active.h">
      <Filter>Header Files</Filter>
    </ClInclude>
    <ClInclude Include="Animation.h">
      <Filter>Header Files</Filter>
    </ClInclude>
    <ClInclude Include="Constants.h">
      <Filter>Header Files</Filter>
    </ClInclude>
    <ClInclude Include="CraftingClass.h">
      <Filter>Header Files</Filter>
    </ClInclude>
    <ClInclude Include="CraftingProcess.h">
      <Filter>Header Files</Filter>
    </ClInclude>
    <ClInclude Include="CraftingSuccess.h">
      <Filter>Header Files</Filter>
    </ClInclude>
    <ClInclude Include="Facing.h">
      <Filter>Header Files</Filter>
    </ClInclude>
    <ClInclude Include="GameInput.h">
      <Filter>Header Files</Filter>
    </ClInclude>
    <ClInclude Include="Header.h">
      <Filter>Header Files</Filter>
    </ClInclude>
    <ClInclude Include="Item.h">
      <Filter>Header Files</Filter>
    </ClInclude>
    <ClInclude Include="ItemTile.h">
      <Filter>Header Files</Filter>
    </ClInclude>
    <ClInclude Include="LogicTile.h">
      <Filter>Header Files</Filter>
    </ClInclude>
    <ClInclude Include="LogicTypes.h">
      <Filter>Header Files</Filter>
    </ClInclude>
    <ClInclude Include="MyMap.h">
      <Filter>Header Files</Filter>
    </ClInclude>
    <ClInclude Include="MyMod.h">
      <Filter>Header Files</Filter>
    </ClInclude>
    <ClInclude Include="Pos.h">
      <Filter>Header Files</Filter>
    </ClInclude>
    <ClInclude Include="ProgramData.h">
      <Filter>Header Files</Filter>
    </ClInclude>
    <ClInclude Include="PrototypeLoader.h">
      <Filter>Header Files</Filter>
    </ClInclude>
    <ClInclude Include="RecipePrototype.h">
      <Filter>Header Files</Filter>
    </ClInclude>
    <ClInclude Include="RedirectorColors.h">
      <Filter>Header Files</Filter>
    </ClInclude>
    <ClInclude Include="ReservedItems.h">
      <Filter>Header Files</Filter>
    </ClInclude>
    <ClInclude Include="Robot.h">
      <Filter>Header Files</Filter>
    </ClInclude>
    <ClInclude Include="SpriteGenerator.h">
      <Filter>Header Files</Filter>
    </ClInclude>
    <ClInclude Include="TestWorld.h">
      <Filter>Header Files</Filter>
    </ClInclude>
    <ClInclude Include="Tile.h">
      <Filter>Header Files</Filter>
    </ClInclude>
    <ClInclude Include="WorldChunk.h">
      <Filter>Header Files</Filter>
    </ClInclude>
    <ClInclude Include="WorldSave.h">
      <Filter>Header Files</Filter>
    </ClInclude>
    <ClInclude Include="WidgetCreator.h">
      <Filter>Header Files</Filter>
    </ClInclude>
    <ClInclude Include="MySet.h">
      <Filter>Header Files</Filter>
    </ClInclude>
    <ClInclude Include="Textures.h">
      <Filter>Header Files</Filter>
    </ClInclude>
    <ClInclude Include="AnimationType.h">
      <Filter>Header Files</Filter>
    </ClInclude>
  </ItemGroup>
</Project>