<?xml version="1.0" encoding="utf-8"?>
<Project ToolsVersion="4.0" xmlns="http://schemas.microsoft.com/developer/msbuild/2003">
  <ItemGroup>
    <Filter Include="Source Files">
      <UniqueIdentifier>{4FC737F1-C7A5-4376-A066-2A32D752A2FF}</UniqueIdentifier>
      <Extensions>cpp;c;cc;cxx;def;odl;idl;hpj;bat;asm;asmx</Extensions>
    </Filter>
    <Filter Include="Header Files">
      <UniqueIdentifier>{93995380-89BD-4b04-88EB-625FBE52EBFB}</UniqueIdentifier>
      <Extensions>h;hh;hpp;hxx;hm;inl;inc;ipp;xsd</Extensions>
    </Filter>
    <Filter Include="Header Files\WorldElements">
      <UniqueIdentifier>{d3290081-3c98-482a-adf5-1653ce5ede08}</UniqueIdentifier>
    </Filter>
    <Filter Include="Header Files\HelperElements">
      <UniqueIdentifier>{44162ca3-5338-4361-ac8e-13d43e156972}</UniqueIdentifier>
    </Filter>
    <Filter Include="Header Files\Enums">
      <UniqueIdentifier>{8abb71f9-c372-445c-b91c-35fcfe78d90a}</UniqueIdentifier>
    </Filter>
    <Filter Include="Resource Files">
      <UniqueIdentifier>{44c828f3-d138-4a22-8d96-4b8b59850dde}</UniqueIdentifier>
    </Filter>
    <Filter Include="Data">
      <UniqueIdentifier>{31f77f00-d0d4-4525-b7e4-74c72154978e}</UniqueIdentifier>
    </Filter>
  </ItemGroup>
  <ItemGroup>
    <ClCompile Include="main.cpp">
      <Filter>Source Files</Filter>
    </ClCompile>
    <ClCompile Include="FileLength.cpp">
      <Filter>Header Files\HelperElements</Filter>
    </ClCompile>
    <ClCompile Include="GetFileNamesInFolder.cpp">
      <Filter>Header Files\HelperElements</Filter>
    </ClCompile>
    <ClCompile Include="MyMod.cpp">
      <Filter>Header Files\HelperElements</Filter>
    </ClCompile>
    <ClCompile Include="Pos.cpp">
      <Filter>Header Files\HelperElements</Filter>
    </ClCompile>
    <ClCompile Include="CraftingClass.cpp">
      <Filter>Header Files\WorldElements</Filter>
    </ClCompile>
    <ClCompile Include="CraftingProcess.cpp">
      <Filter>Header Files\WorldElements</Filter>
    </ClCompile>
    <ClCompile Include="LogicTile.cpp">
      <Filter>Header Files\WorldElements</Filter>
    </ClCompile>
    <ClCompile Include="LogicTileDrawing.cpp">
      <Filter>Header Files\WorldElements</Filter>
    </ClCompile>
    <ClCompile Include="ProgramData.cpp">
      <Filter>Header Files\WorldElements</Filter>
    </ClCompile>
    <ClCompile Include="PrototypeLoader.cpp">
      <Filter>Header Files\WorldElements</Filter>
    </ClCompile>
    <ClCompile Include="Robot.cpp">
      <Filter>Header Files\WorldElements</Filter>
    </ClCompile>
    <ClCompile Include="TestWorld.cpp">
      <Filter>Header Files\WorldElements</Filter>
    </ClCompile>
    <ClCompile Include="WidgetCreator.cpp">
      <Filter>Header Files\WorldElements</Filter>
    </ClCompile>
    <ClCompile Include="WorldSave.cpp">
      <Filter>Header Files\WorldElements</Filter>
    </ClCompile>
    <ClCompile Include="WorldSerialization.cpp">
      <Filter>Header Files\WorldElements</Filter>
    </ClCompile>
    <ClCompile Include="ItemTile.cpp">
      <Filter>Header Files\WorldElements</Filter>
    </ClCompile>
    <ClCompile Include="KeyNames.cpp">
      <Filter>Header Files\HelperElements</Filter>
    </ClCompile>
    <ClCompile Include="MyStrings.cpp">
      <Filter>Header Files\HelperElements</Filter>
    </ClCompile>
  </ItemGroup>
  <ItemGroup>
    <ClInclude Include="FindInVector.h">
      <Filter>Header Files\HelperElements</Filter>
    </ClInclude>
    <ClInclude Include="GetFileNamesInFolder.h">
      <Filter>Header Files\HelperElements</Filter>
    </ClInclude>
    <ClInclude Include="KeyNames.h">
      <Filter>Header Files\HelperElements</Filter>
    </ClInclude>
    <ClInclude Include="AnimationType.h">
      <Filter>Header Files\Enums</Filter>
    </ClInclude>
    <ClInclude Include="Facing.h">
      <Filter>Header Files\Enums</Filter>
    </ClInclude>
    <ClInclude Include="Constants.h">
      <Filter>Header Files\Enums</Filter>
    </ClInclude>
    <ClInclude Include="CraftingClass.h">
      <Filter>Header Files\WorldElements</Filter>
    </ClInclude>
    <ClInclude Include="CraftingProcess.h">
      <Filter>Header Files\WorldElements</Filter>
    </ClInclude>
    <ClInclude Include="CraftingSuccess.h">
      <Filter>Header Files\WorldElements</Filter>
    </ClInclude>
    <ClInclude Include="ItemTile.h">
      <Filter>Header Files\WorldElements</Filter>
    </ClInclude>
    <ClInclude Include="LogicTile.h">
      <Filter>Header Files\WorldElements</Filter>
    </ClInclude>
    <ClInclude Include="LogicTypes.h">
      <Filter>Header Files\Enums</Filter>
    </ClInclude>
    <ClInclude Include="MyMap.h">
      <Filter>Header Files\HelperElements</Filter>
    </ClInclude>
    <ClInclude Include="MyMod.h">
      <Filter>Header Files\HelperElements</Filter>
    </ClInclude>
    <ClInclude Include="MySet.h">
      <Filter>Header Files\HelperElements</Filter>
    </ClInclude>
    <ClInclude Include="Pos.h">
      <Filter>Header Files\HelperElements</Filter>
    </ClInclude>
    <ClInclude Include="ProgramData.h">
      <Filter>Header Files\WorldElements</Filter>
    </ClInclude>
    <ClInclude Include="PrototypeLoader.h">
      <Filter>Header Files\WorldElements</Filter>
    </ClInclude>
    <ClInclude Include="RecipePrototype.h">
      <Filter>Header Files\WorldElements</Filter>
    </ClInclude>
    <ClInclude Include="RedirectorColors.h">
      <Filter>Header Files\Enums</Filter>
    </ClInclude>
    <ClInclude Include="ReservedItems.h">
      <Filter>Header Files\Enums</Filter>
    </ClInclude>
    <ClInclude Include="Robot.h">
      <Filter>Header Files\WorldElements</Filter>
    </ClInclude>
    <ClInclude Include="TestWorld.h">
      <Filter>Header Files\WorldElements</Filter>
    </ClInclude>
    <ClInclude Include="Textures.h">
      <Filter>Header Files\WorldElements</Filter>
    </ClInclude>
    <ClInclude Include="Tile.h">
      <Filter>Header Files\WorldElements</Filter>
    </ClInclude>
    <ClInclude Include="WidgetCreator.h">
      <Filter>Header Files\WorldElements</Filter>
    </ClInclude>
    <ClInclude Include="WorldSave.h">
      <Filter>Header Files\WorldElements</Filter>
    </ClInclude>
    <ClInclude Include="WorldChunk.h">
      <Filter>Header Files\WorldElements</Filter>
    </ClInclude>
    <ClInclude Include="Animation.h">
      <Filter>Header Files\WorldElements</Filter>
    </ClInclude>
    <ClInclude Include="SpriteVector.h">
      <Filter>Header Files\HelperElements</Filter>
    </ClInclude>
    <ClInclude Include="Align.h">
      <Filter>Header Files\Enums</Filter>
    </ClInclude>
    <ClInclude Include="MyVector.h">
      <Filter>Header Files\HelperElements</Filter>
    </ClInclude>
    <ClInclude Include="GetFileLength.h">
      <Filter>Header Files\HelperElements</Filter>
    </ClInclude>
    <ClInclude Include="ElementTypes.h">
      <Filter>Header Files\Enums</Filter>
    </ClInclude>
    <ClInclude Include="Oregen.h">
      <Filter>Header Files\Enums</Filter>
    </ClInclude>
    <ClInclude Include="resource.h">
      <Filter>Resource Files</Filter>
    </ClInclude>
    <ClInclude Include="MyStrings.h">
      <Filter>Header Files\HelperElements</Filter>
    </ClInclude>
  </ItemGroup>
  <ItemGroup>
    <None Include="data\items.lua">
      <Filter>Data</Filter>
    </None>
    <None Include="data\recipes.lua">
      <Filter>Data</Filter>
    </None>
  </ItemGroup>
  <ItemGroup>
    <Image Include="favicon.ico">
      <Filter>Resource Files</Filter>
    </Image>
    <Image Include="icon.ico">
      <Filter>Resource Files</Filter>
    </Image>
  </ItemGroup>
  <ItemGroup>
    <ResourceCompile Include="ProgramIcon.rc">
      <Filter>Resource Files</Filter>
    </ResourceCompile>
  </ItemGroup>
</Project>